{
  "nodes": {
    "nixCats": {
      "locked": {
        "lastModified": 1745981575,
        "narHash": "sha256-Q9PevfxZeO47fBd5ptGA4f+xJ8iC8jF/hsEVhRIOofo=",
        "owner": "BirdeeHub",
        "repo": "nixCats-nvim",
        "rev": "4cdecb9f07973fc0fe2d069d153bc9344db36791",
        "type": "github"
      },
      "original": {
        "owner": "BirdeeHub",
        "repo": "nixCats-nvim",
        "type": "github"
      }
    },
    "nixpkgs": {
      "locked": {
        "lastModified": 1745900683,
        "narHash": "sha256-ZGi2gjgPtmPmplCVz7dNufqkBr00g6EeAloX3GrFQls=",
        "owner": "nixos",
        "repo": "nixpkgs",
        "rev": "ffa0bb043c25cfc79ff3bc20ba2e44c3724499b1",
        "type": "github"
      },
      "original": {
        "owner": "nixos",
        "ref": "nixpkgs-unstable",
        "repo": "nixpkgs",
        "type": "github"
      }
    },
    "plugins-rainbow-delimiters": {
      "flake": false,
      "locked": {
        "lastModified": 1744834150,
        "narHash": "sha256-EeJvGtBwZgR7i9PEnGe4NTRiDQCgVKkSh5t8Xy5EYfE=",
        "owner": "hiphish",
        "repo": "rainbow-delimiters.nvim",
        "rev": "55ad4fb76ab68460f700599b7449385f0c4e858e",
        "type": "github"
      },
      "original": {
        "owner": "hiphish",
        "repo": "rainbow-delimiters.nvim",
        "type": "github"
      }
    },
    "plugins-wezterm-types": {
      "flake": false,
      "locked": {
        "lastModified": 1745147304,
        "narHash": "sha256-MDzEJY9ughs2rSGAw/WQOqNDeUb3ostFiXOZ5HmkGVM=",
        "owner": "gonstoll",
        "repo": "wezterm-types",
        "rev": "3d59d9ed537ec4b935be3d48e06689ed02adace7",
        "type": "github"
      },
      "original": {
        "owner": "gonstoll",
        "repo": "wezterm-types",
        "type": "github"
      }
    },
    "root": {
      "inputs": {
        "nixCats": "nixCats",
        "nixpkgs": "nixpkgs",
        "plugins-rainbow-delimiters": "plugins-rainbow-delimiters",
        "plugins-wezterm-types": "plugins-wezterm-types"
      }
    }
  },
  "root": "root",
  "version": 7
}
